
Microsoft Visual Studio Solution File, Format Version 12.00
# Visual Studio Version 18
VisualStudioVersion = 18.0.11205.157
MinimumVisualStudioVersion = 10.0.40219.1
Project("{2150E333-8FDC-42A3-9474-1A3956D46DE8}") = "솔루션 항목", "솔루션 항목", "{9AEA7714-51DE-4716-89B3-085BCC126898}"
	ProjectSection(SolutionItems) = preProject
		.gitignore = .gitignore
		LICENSE.txt = LICENSE.txt
		README.md = README.md
	EndProjectSection
EndProject
Project("{2150E333-8FDC-42A3-9474-1A3956D46DE8}") = "src", "src", "{813A1D3E-D441-4032-82C8-7A7157B07B33}"
	ProjectSection(SolutionItems) = preProject
		src\PasswordReset.razor.cs = src\PasswordReset.razor.cs
	EndProjectSection
EndProject
Project("{2150E333-8FDC-42A3-9474-1A3956D46DE8}") = "ViewModels", "ViewModels", "{F34A36AD-5A7F-4424-826C-592C106D9D33}"
	ProjectSection(SolutionItems) = preProject
		src\ViewModels\PasswordResetViewModel.cs = src\ViewModels\PasswordResetViewModel.cs
	EndProjectSection
EndProject
Project("{2150E333-8FDC-42A3-9474-1A3956D46DE8}") = ".github", ".github", "{CD3B6C4C-E5C6-42C9-9D8A-1ED45FFD2CCB}"
EndProject
Project("{2150E333-8FDC-42A3-9474-1A3956D46DE8}") = "workflows", "workflows", "{A89DAF71-0781-4129-982C-4EA251AE0709}"
	ProjectSection(SolutionItems) = preProject
		.github\workflows\build_10.0.yml = .github\workflows\build_10.0.yml
	EndProjectSection
EndProject
Project("{FAE04EC0-301F-11D3-BF4B-00C04F79EFBC}") = "MetaFrm.Razor.PasswordReset(net10.0)", "MetaFrm.Razor.PasswordReset(net10.0)\MetaFrm.Razor.PasswordReset(net10.0).csproj", "{739F1E03-4CEF-7A06-26BB-EF38C672F131}"
EndProject
Global
	GlobalSection(SolutionConfigurationPlatforms) = preSolution
		Debug|Any CPU = Debug|Any CPU
		Release|Any CPU = Release|Any CPU
	EndGlobalSection
	GlobalSection(ProjectConfigurationPlatforms) = postSolution
		{739F1E03-4CEF-7A06-26BB-EF38C672F131}.Debug|Any CPU.ActiveCfg = Debug|Any CPU
		{739F1E03-4CEF-7A06-26BB-EF38C672F131}.Debug|Any CPU.Build.0 = Debug|Any CPU
		{739F1E03-4CEF-7A06-26BB-EF38C672F131}.Release|Any CPU.ActiveCfg = Release|Any CPU
		{739F1E03-4CEF-7A06-26BB-EF38C672F131}.Release|Any CPU.Build.0 = Release|Any CPU
	EndGlobalSection
	GlobalSection(SolutionProperties) = preSolution
		HideSolutionNode = FALSE
	EndGlobalSection
	GlobalSection(NestedProjects) = preSolution
		{F34A36AD-5A7F-4424-826C-592C106D9D33} = {813A1D3E-D441-4032-82C8-7A7157B07B33}
		{A89DAF71-0781-4129-982C-4EA251AE0709} = {CD3B6C4C-E5C6-42C9-9D8A-1ED45FFD2CCB}
	EndGlobalSection
	GlobalSection(ExtensibilityGlobals) = postSolution
		SolutionGuid = {135458EF-0575-4009-878B-FE4A02309D02}
	EndGlobalSection
EndGlobal
